
Microsoft Visual Studio Solution File, Format Version 12.00
# Visual Studio Version 16
VisualStudioVersion = 16.0.30413.136
MinimumVisualStudioVersion = 10.0.40219.1
Project("{FAE04EC0-301F-11D3-BF4B-00C04F79EFBC}") = "2020_10_30", "2020_10_30\2020_10_30.csproj", "{5085AD3E-94BF-42D2-908E-1385A12F53A4}"
EndProject
Global
	GlobalSection(SolutionConfigurationPlatforms) = preSolution
		Debug|Any CPU = Debug|Any CPU
		Release|Any CPU = Release|Any CPU
	EndGlobalSection
	GlobalSection(ProjectConfigurationPlatforms) = postSolution
		{5085AD3E-94BF-42D2-908E-1385A12F53A4}.Debug|Any CPU.ActiveCfg = Debug|Any CPU
		{5085AD3E-94BF-42D2-908E-1385A12F53A4}.Debug|Any CPU.Build.0 = Debug|Any CPU
		{5085AD3E-94BF-42D2-908E-1385A12F53A4}.Release|Any CPU.ActiveCfg = Release|Any CPU
		{5085AD3E-94BF-42D2-908E-1385A12F53A4}.Release|Any CPU.Build.0 = Release|Any CPU
	EndGlobalSection
	GlobalSection(SolutionProperties) = preSolution
		HideSolutionNode = FALSE
	EndGlobalSection
	GlobalSection(ExtensibilityGlobals) = postSolution
		SolutionGuid = {E235A61D-C9DB-4397-B7B9-A6A6B5903B83}
	EndGlobalSection
EndGlobal
