
Microsoft Visual Studio Solution File, Format Version 12.00
# Visual Studio Version 16
VisualStudioVersion = 16.0.30204.135
MinimumVisualStudioVersion = 10.0.40219.1
Project("{FAE04EC0-301F-11D3-BF4B-00C04F79EFBC}") = "winFormApp", "winFormApp\winFormApp.csproj", "{46A14D7A-20BA-48AB-ACB3-B7E71D34438B}"
EndProject
Project("{FAE04EC0-301F-11D3-BF4B-00C04F79EFBC}") = "ClockApp", "ClockApp\ClockApp.csproj", "{F1912D6F-9261-4A4D-BB7F-3F30C95D39F7}"
EndProject
Project("{FAE04EC0-301F-11D3-BF4B-00C04F79EFBC}") = "ButtonTestApp", "ButtonTestApp\ButtonTestApp.csproj", "{6FF905F9-8C6A-424D-81CB-355D271442EE}"
EndProject
Global
	GlobalSection(SolutionConfigurationPlatforms) = preSolution
		Debug|Any CPU = Debug|Any CPU
		Release|Any CPU = Release|Any CPU
	EndGlobalSection
	GlobalSection(ProjectConfigurationPlatforms) = postSolution
		{46A14D7A-20BA-48AB-ACB3-B7E71D34438B}.Debug|Any CPU.ActiveCfg = Debug|Any CPU
		{46A14D7A-20BA-48AB-ACB3-B7E71D34438B}.Debug|Any CPU.Build.0 = Debug|Any CPU
		{46A14D7A-20BA-48AB-ACB3-B7E71D34438B}.Release|Any CPU.ActiveCfg = Release|Any CPU
		{46A14D7A-20BA-48AB-ACB3-B7E71D34438B}.Release|Any CPU.Build.0 = Release|Any CPU
		{F1912D6F-9261-4A4D-BB7F-3F30C95D39F7}.Debug|Any CPU.ActiveCfg = Debug|Any CPU
		{F1912D6F-9261-4A4D-BB7F-3F30C95D39F7}.Debug|Any CPU.Build.0 = Debug|Any CPU
		{F1912D6F-9261-4A4D-BB7F-3F30C95D39F7}.Release|Any CPU.ActiveCfg = Release|Any CPU
		{F1912D6F-9261-4A4D-BB7F-3F30C95D39F7}.Release|Any CPU.Build.0 = Release|Any CPU
		{6FF905F9-8C6A-424D-81CB-355D271442EE}.Debug|Any CPU.ActiveCfg = Debug|Any CPU
		{6FF905F9-8C6A-424D-81CB-355D271442EE}.Debug|Any CPU.Build.0 = Debug|Any CPU
		{6FF905F9-8C6A-424D-81CB-355D271442EE}.Release|Any CPU.ActiveCfg = Release|Any CPU
		{6FF905F9-8C6A-424D-81CB-355D271442EE}.Release|Any CPU.Build.0 = Release|Any CPU
	EndGlobalSection
	GlobalSection(SolutionProperties) = preSolution
		HideSolutionNode = FALSE
	EndGlobalSection
	GlobalSection(ExtensibilityGlobals) = postSolution
		SolutionGuid = {3BF62FB7-9B9A-4246-A8EB-59A0C3776FE7}
	EndGlobalSection
EndGlobal
