
Microsoft Visual Studio Solution File, Format Version 12.00
# Visual Studio Version 16
VisualStudioVersion = 16.0.30204.135
MinimumVisualStudioVersion = 10.0.40219.1
Project("{FAE04EC0-301F-11D3-BF4B-00C04F79EFBC}") = "2020_07_14", "2020_07_14\2020_07_14.csproj", "{0C7D10C8-FC43-4491-B8FA-42FC8FF4EC2C}"
EndProject
Project("{FAE04EC0-301F-11D3-BF4B-00C04F79EFBC}") = "2", "..\2\2.csproj", "{9547BBC9-BBC5-49B9-AE3C-D9632AA55EEB}"
EndProject
Global
	GlobalSection(SolutionConfigurationPlatforms) = preSolution
		Debug|Any CPU = Debug|Any CPU
		Release|Any CPU = Release|Any CPU
	EndGlobalSection
	GlobalSection(ProjectConfigurationPlatforms) = postSolution
		{0C7D10C8-FC43-4491-B8FA-42FC8FF4EC2C}.Debug|Any CPU.ActiveCfg = Debug|Any CPU
		{0C7D10C8-FC43-4491-B8FA-42FC8FF4EC2C}.Debug|Any CPU.Build.0 = Debug|Any CPU
		{0C7D10C8-FC43-4491-B8FA-42FC8FF4EC2C}.Release|Any CPU.ActiveCfg = Release|Any CPU
		{0C7D10C8-FC43-4491-B8FA-42FC8FF4EC2C}.Release|Any CPU.Build.0 = Release|Any CPU
		{9547BBC9-BBC5-49B9-AE3C-D9632AA55EEB}.Debug|Any CPU.ActiveCfg = Debug|Any CPU
		{9547BBC9-BBC5-49B9-AE3C-D9632AA55EEB}.Debug|Any CPU.Build.0 = Debug|Any CPU
		{9547BBC9-BBC5-49B9-AE3C-D9632AA55EEB}.Release|Any CPU.ActiveCfg = Release|Any CPU
		{9547BBC9-BBC5-49B9-AE3C-D9632AA55EEB}.Release|Any CPU.Build.0 = Release|Any CPU
	EndGlobalSection
	GlobalSection(SolutionProperties) = preSolution
		HideSolutionNode = FALSE
	EndGlobalSection
	GlobalSection(ExtensibilityGlobals) = postSolution
		SolutionGuid = {BBFE9DF7-BA98-45DF-A082-45CC14E65BE7}
	EndGlobalSection
EndGlobal
