
Microsoft Visual Studio Solution File, Format Version 12.00
# Visual Studio Version 16
VisualStudioVersion = 16.0.30204.135
MinimumVisualStudioVersion = 10.0.40219.1
Project("{FAE04EC0-301F-11D3-BF4B-00C04F79EFBC}") = "2020_06_29", "2020_06_29\2020_06_29.csproj", "{63BC4449-7316-4919-BBDB-5713E3F7A34F}"
EndProject
Project("{FAE04EC0-301F-11D3-BF4B-00C04F79EFBC}") = "2020_06_29_02", "2020_06_29_02\2020_06_29_02.csproj", "{9BA562DA-76EF-42EC-8517-005D04055A65}"
EndProject
Project("{FAE04EC0-301F-11D3-BF4B-00C04F79EFBC}") = "2020_06_29_03", "2020_06_29_03\2020_06_29_03.csproj", "{CEB7ACB9-72FA-4A46-B7CD-24D52654DB64}"
EndProject
Global
	GlobalSection(SolutionConfigurationPlatforms) = preSolution
		Debug|Any CPU = Debug|Any CPU
		Release|Any CPU = Release|Any CPU
	EndGlobalSection
	GlobalSection(ProjectConfigurationPlatforms) = postSolution
		{63BC4449-7316-4919-BBDB-5713E3F7A34F}.Debug|Any CPU.ActiveCfg = Debug|Any CPU
		{63BC4449-7316-4919-BBDB-5713E3F7A34F}.Debug|Any CPU.Build.0 = Debug|Any CPU
		{63BC4449-7316-4919-BBDB-5713E3F7A34F}.Release|Any CPU.ActiveCfg = Release|Any CPU
		{63BC4449-7316-4919-BBDB-5713E3F7A34F}.Release|Any CPU.Build.0 = Release|Any CPU
		{9BA562DA-76EF-42EC-8517-005D04055A65}.Debug|Any CPU.ActiveCfg = Debug|Any CPU
		{9BA562DA-76EF-42EC-8517-005D04055A65}.Debug|Any CPU.Build.0 = Debug|Any CPU
		{9BA562DA-76EF-42EC-8517-005D04055A65}.Release|Any CPU.ActiveCfg = Release|Any CPU
		{9BA562DA-76EF-42EC-8517-005D04055A65}.Release|Any CPU.Build.0 = Release|Any CPU
		{CEB7ACB9-72FA-4A46-B7CD-24D52654DB64}.Debug|Any CPU.ActiveCfg = Debug|Any CPU
		{CEB7ACB9-72FA-4A46-B7CD-24D52654DB64}.Debug|Any CPU.Build.0 = Debug|Any CPU
		{CEB7ACB9-72FA-4A46-B7CD-24D52654DB64}.Release|Any CPU.ActiveCfg = Release|Any CPU
		{CEB7ACB9-72FA-4A46-B7CD-24D52654DB64}.Release|Any CPU.Build.0 = Release|Any CPU
	EndGlobalSection
	GlobalSection(SolutionProperties) = preSolution
		HideSolutionNode = FALSE
	EndGlobalSection
	GlobalSection(ExtensibilityGlobals) = postSolution
		SolutionGuid = {0EB87D53-9C7A-4B0A-95BE-6D8BA3253FF2}
	EndGlobalSection
EndGlobal
