
Microsoft Visual Studio Solution File, Format Version 12.00
# Visual Studio Version 16
VisualStudioVersion = 16.0.30413.136
MinimumVisualStudioVersion = 10.0.40219.1
Project("{FAE04EC0-301F-11D3-BF4B-00C04F79EFBC}") = "2020_11_4_", "2020_11_4_\2020_11_4_.csproj", "{D40D2590-D5A4-40C1-9B41-763F62999FC3}"
EndProject
Global
	GlobalSection(SolutionConfigurationPlatforms) = preSolution
		Debug|Any CPU = Debug|Any CPU
		Release|Any CPU = Release|Any CPU
	EndGlobalSection
	GlobalSection(ProjectConfigurationPlatforms) = postSolution
		{D40D2590-D5A4-40C1-9B41-763F62999FC3}.Debug|Any CPU.ActiveCfg = Debug|Any CPU
		{D40D2590-D5A4-40C1-9B41-763F62999FC3}.Debug|Any CPU.Build.0 = Debug|Any CPU
		{D40D2590-D5A4-40C1-9B41-763F62999FC3}.Release|Any CPU.ActiveCfg = Release|Any CPU
		{D40D2590-D5A4-40C1-9B41-763F62999FC3}.Release|Any CPU.Build.0 = Release|Any CPU
	EndGlobalSection
	GlobalSection(SolutionProperties) = preSolution
		HideSolutionNode = FALSE
	EndGlobalSection
	GlobalSection(ExtensibilityGlobals) = postSolution
		SolutionGuid = {084FAF98-63ED-4598-B66B-A37B4B744E56}
	EndGlobalSection
EndGlobal
