
Microsoft Visual Studio Solution File, Format Version 12.00
# Visual Studio Version 16
VisualStudioVersion = 16.0.30413.136
MinimumVisualStudioVersion = 10.0.40219.1
Project("{FAE04EC0-301F-11D3-BF4B-00C04F79EFBC}") = "Ramda", "2020_9_16\Ramda.csproj", "{295C7CD0-6B4F-488D-8B49-DFEA36D2D936}"
EndProject
Project("{FAE04EC0-301F-11D3-BF4B-00C04F79EFBC}") = "TEMP_HUMI_Monitoring", "WindowsFormsApp1\TEMP_HUMI_Monitoring.csproj", "{8A9A8556-FDC5-411E-87DD-50B12867B130}"
EndProject
Global
	GlobalSection(SolutionConfigurationPlatforms) = preSolution
		Debug|Any CPU = Debug|Any CPU
		Release|Any CPU = Release|Any CPU
	EndGlobalSection
	GlobalSection(ProjectConfigurationPlatforms) = postSolution
		{295C7CD0-6B4F-488D-8B49-DFEA36D2D936}.Debug|Any CPU.ActiveCfg = Debug|Any CPU
		{295C7CD0-6B4F-488D-8B49-DFEA36D2D936}.Debug|Any CPU.Build.0 = Debug|Any CPU
		{295C7CD0-6B4F-488D-8B49-DFEA36D2D936}.Release|Any CPU.ActiveCfg = Release|Any CPU
		{295C7CD0-6B4F-488D-8B49-DFEA36D2D936}.Release|Any CPU.Build.0 = Release|Any CPU
		{8A9A8556-FDC5-411E-87DD-50B12867B130}.Debug|Any CPU.ActiveCfg = Debug|Any CPU
		{8A9A8556-FDC5-411E-87DD-50B12867B130}.Debug|Any CPU.Build.0 = Debug|Any CPU
		{8A9A8556-FDC5-411E-87DD-50B12867B130}.Release|Any CPU.ActiveCfg = Release|Any CPU
		{8A9A8556-FDC5-411E-87DD-50B12867B130}.Release|Any CPU.Build.0 = Release|Any CPU
	EndGlobalSection
	GlobalSection(SolutionProperties) = preSolution
		HideSolutionNode = FALSE
	EndGlobalSection
	GlobalSection(ExtensibilityGlobals) = postSolution
		SolutionGuid = {2B6E1E36-0536-4CAF-9DC1-C92C72E5DECA}
	EndGlobalSection
EndGlobal
