
Microsoft Visual Studio Solution File, Format Version 12.00
# Visual Studio Version 16
VisualStudioVersion = 16.0.30204.135
MinimumVisualStudioVersion = 10.0.40219.1
Project("{FAE04EC0-301F-11D3-BF4B-00C04F79EFBC}") = "2020_07_27", "2020_07_27\2020_07_27.csproj", "{2B4D0FCD-C623-4291-83A5-4DAD202F1B58}"
EndProject
Project("{FAE04EC0-301F-11D3-BF4B-00C04F79EFBC}") = "1", "1\1.csproj", "{4BEC3355-CEC1-4E0F-8FD9-6AC6A2501C23}"
EndProject
Project("{FAE04EC0-301F-11D3-BF4B-00C04F79EFBC}") = "2", "2\2.csproj", "{228778C6-440F-4A1D-9205-CE6733661089}"
EndProject
Project("{FAE04EC0-301F-11D3-BF4B-00C04F79EFBC}") = "3", "3\3.csproj", "{742AFB69-2D41-4C4D-9F48-ED307644219A}"
EndProject
Global
	GlobalSection(SolutionConfigurationPlatforms) = preSolution
		Debug|Any CPU = Debug|Any CPU
		Release|Any CPU = Release|Any CPU
	EndGlobalSection
	GlobalSection(ProjectConfigurationPlatforms) = postSolution
		{2B4D0FCD-C623-4291-83A5-4DAD202F1B58}.Debug|Any CPU.ActiveCfg = Debug|Any CPU
		{2B4D0FCD-C623-4291-83A5-4DAD202F1B58}.Debug|Any CPU.Build.0 = Debug|Any CPU
		{2B4D0FCD-C623-4291-83A5-4DAD202F1B58}.Release|Any CPU.ActiveCfg = Release|Any CPU
		{2B4D0FCD-C623-4291-83A5-4DAD202F1B58}.Release|Any CPU.Build.0 = Release|Any CPU
		{4BEC3355-CEC1-4E0F-8FD9-6AC6A2501C23}.Debug|Any CPU.ActiveCfg = Debug|Any CPU
		{4BEC3355-CEC1-4E0F-8FD9-6AC6A2501C23}.Debug|Any CPU.Build.0 = Debug|Any CPU
		{4BEC3355-CEC1-4E0F-8FD9-6AC6A2501C23}.Release|Any CPU.ActiveCfg = Release|Any CPU
		{4BEC3355-CEC1-4E0F-8FD9-6AC6A2501C23}.Release|Any CPU.Build.0 = Release|Any CPU
		{228778C6-440F-4A1D-9205-CE6733661089}.Debug|Any CPU.ActiveCfg = Debug|Any CPU
		{228778C6-440F-4A1D-9205-CE6733661089}.Debug|Any CPU.Build.0 = Debug|Any CPU
		{228778C6-440F-4A1D-9205-CE6733661089}.Release|Any CPU.ActiveCfg = Release|Any CPU
		{228778C6-440F-4A1D-9205-CE6733661089}.Release|Any CPU.Build.0 = Release|Any CPU
		{742AFB69-2D41-4C4D-9F48-ED307644219A}.Debug|Any CPU.ActiveCfg = Debug|Any CPU
		{742AFB69-2D41-4C4D-9F48-ED307644219A}.Debug|Any CPU.Build.0 = Debug|Any CPU
		{742AFB69-2D41-4C4D-9F48-ED307644219A}.Release|Any CPU.ActiveCfg = Release|Any CPU
		{742AFB69-2D41-4C4D-9F48-ED307644219A}.Release|Any CPU.Build.0 = Release|Any CPU
	EndGlobalSection
	GlobalSection(SolutionProperties) = preSolution
		HideSolutionNode = FALSE
	EndGlobalSection
	GlobalSection(ExtensibilityGlobals) = postSolution
		SolutionGuid = {B82720CC-43AC-468C-AFF2-5DF18B7E2AB0}
	EndGlobalSection
EndGlobal
