
Microsoft Visual Studio Solution File, Format Version 12.00
# Visual Studio Version 16
VisualStudioVersion = 16.0.30204.135
MinimumVisualStudioVersion = 10.0.40219.1
Project("{FAE04EC0-301F-11D3-BF4B-00C04F79EFBC}") = "2020_07_23", "2020_07_23\2020_07_23.csproj", "{21EF3D72-1B08-4EF3-A89D-AC64501EAC57}"
EndProject
Project("{FAE04EC0-301F-11D3-BF4B-00C04F79EFBC}") = "2", "2\2.csproj", "{57FC30A2-2FE1-4994-BCB1-CE34FD85340D}"
EndProject
Project("{FAE04EC0-301F-11D3-BF4B-00C04F79EFBC}") = "3", "3\3.csproj", "{36269320-9637-402A-A21F-D0409D02506E}"
EndProject
Global
	GlobalSection(SolutionConfigurationPlatforms) = preSolution
		Debug|Any CPU = Debug|Any CPU
		Release|Any CPU = Release|Any CPU
	EndGlobalSection
	GlobalSection(ProjectConfigurationPlatforms) = postSolution
		{21EF3D72-1B08-4EF3-A89D-AC64501EAC57}.Debug|Any CPU.ActiveCfg = Debug|Any CPU
		{21EF3D72-1B08-4EF3-A89D-AC64501EAC57}.Debug|Any CPU.Build.0 = Debug|Any CPU
		{21EF3D72-1B08-4EF3-A89D-AC64501EAC57}.Release|Any CPU.ActiveCfg = Release|Any CPU
		{21EF3D72-1B08-4EF3-A89D-AC64501EAC57}.Release|Any CPU.Build.0 = Release|Any CPU
		{57FC30A2-2FE1-4994-BCB1-CE34FD85340D}.Debug|Any CPU.ActiveCfg = Debug|Any CPU
		{57FC30A2-2FE1-4994-BCB1-CE34FD85340D}.Debug|Any CPU.Build.0 = Debug|Any CPU
		{57FC30A2-2FE1-4994-BCB1-CE34FD85340D}.Release|Any CPU.ActiveCfg = Release|Any CPU
		{57FC30A2-2FE1-4994-BCB1-CE34FD85340D}.Release|Any CPU.Build.0 = Release|Any CPU
		{36269320-9637-402A-A21F-D0409D02506E}.Debug|Any CPU.ActiveCfg = Debug|Any CPU
		{36269320-9637-402A-A21F-D0409D02506E}.Debug|Any CPU.Build.0 = Debug|Any CPU
		{36269320-9637-402A-A21F-D0409D02506E}.Release|Any CPU.ActiveCfg = Release|Any CPU
		{36269320-9637-402A-A21F-D0409D02506E}.Release|Any CPU.Build.0 = Release|Any CPU
	EndGlobalSection
	GlobalSection(SolutionProperties) = preSolution
		HideSolutionNode = FALSE
	EndGlobalSection
	GlobalSection(ExtensibilityGlobals) = postSolution
		SolutionGuid = {CE083A63-31A2-492A-A53D-1F5103EFCE1E}
	EndGlobalSection
EndGlobal
