
Microsoft Visual Studio Solution File, Format Version 12.00
# Visual Studio Version 16
VisualStudioVersion = 16.0.30204.135
MinimumVisualStudioVersion = 10.0.40219.1
Project("{FAE04EC0-301F-11D3-BF4B-00C04F79EFBC}") = "2020_7_30-1", "2020_7_30-1\2020_7_30-1.csproj", "{BCB36EC5-4367-4020-8851-B55D17D95E58}"
EndProject
Global
	GlobalSection(SolutionConfigurationPlatforms) = preSolution
		Debug|Any CPU = Debug|Any CPU
		Release|Any CPU = Release|Any CPU
	EndGlobalSection
	GlobalSection(ProjectConfigurationPlatforms) = postSolution
		{BCB36EC5-4367-4020-8851-B55D17D95E58}.Debug|Any CPU.ActiveCfg = Debug|Any CPU
		{BCB36EC5-4367-4020-8851-B55D17D95E58}.Debug|Any CPU.Build.0 = Debug|Any CPU
		{BCB36EC5-4367-4020-8851-B55D17D95E58}.Release|Any CPU.ActiveCfg = Release|Any CPU
		{BCB36EC5-4367-4020-8851-B55D17D95E58}.Release|Any CPU.Build.0 = Release|Any CPU
	EndGlobalSection
	GlobalSection(SolutionProperties) = preSolution
		HideSolutionNode = FALSE
	EndGlobalSection
	GlobalSection(ExtensibilityGlobals) = postSolution
		SolutionGuid = {B07859CA-DA59-4663-93E1-8E576FF2FC6A}
	EndGlobalSection
EndGlobal
