
Microsoft Visual Studio Solution File, Format Version 12.00
# Visual Studio Version 16
VisualStudioVersion = 16.0.30413.136
MinimumVisualStudioVersion = 10.0.40219.1
Project("{FAE04EC0-301F-11D3-BF4B-00C04F79EFBC}") = "2020_10_15", "2020_10_15\2020_10_15.csproj", "{9489B377-C1F6-4D88-A0ED-899F152555D7}"
EndProject
Global
	GlobalSection(SolutionConfigurationPlatforms) = preSolution
		Debug|Any CPU = Debug|Any CPU
		Release|Any CPU = Release|Any CPU
	EndGlobalSection
	GlobalSection(ProjectConfigurationPlatforms) = postSolution
		{9489B377-C1F6-4D88-A0ED-899F152555D7}.Debug|Any CPU.ActiveCfg = Debug|Any CPU
		{9489B377-C1F6-4D88-A0ED-899F152555D7}.Debug|Any CPU.Build.0 = Debug|Any CPU
		{9489B377-C1F6-4D88-A0ED-899F152555D7}.Release|Any CPU.ActiveCfg = Release|Any CPU
		{9489B377-C1F6-4D88-A0ED-899F152555D7}.Release|Any CPU.Build.0 = Release|Any CPU
	EndGlobalSection
	GlobalSection(SolutionProperties) = preSolution
		HideSolutionNode = FALSE
	EndGlobalSection
	GlobalSection(ExtensibilityGlobals) = postSolution
		SolutionGuid = {C701850E-95E4-46C3-A02E-F0B56CECC220}
	EndGlobalSection
EndGlobal
