
Microsoft Visual Studio Solution File, Format Version 12.00
# Visual Studio Version 16
VisualStudioVersion = 16.0.30204.135
MinimumVisualStudioVersion = 10.0.40219.1
Project("{FAE04EC0-301F-11D3-BF4B-00C04F79EFBC}") = "WpfApp1", "WpfApp1\WpfApp1.csproj", "{7E553BDB-3EAD-4264-B1C7-8AA6C2C23C38}"
EndProject
Project("{FAE04EC0-301F-11D3-BF4B-00C04F79EFBC}") = "WpfControlApp", "WpfControlApp\WpfControlApp.csproj", "{2AB89F26-B6DE-45B0-AFB8-2579FB6FC782}"
EndProject
Global
	GlobalSection(SolutionConfigurationPlatforms) = preSolution
		Debug|Any CPU = Debug|Any CPU
		Release|Any CPU = Release|Any CPU
	EndGlobalSection
	GlobalSection(ProjectConfigurationPlatforms) = postSolution
		{7E553BDB-3EAD-4264-B1C7-8AA6C2C23C38}.Debug|Any CPU.ActiveCfg = Debug|Any CPU
		{7E553BDB-3EAD-4264-B1C7-8AA6C2C23C38}.Debug|Any CPU.Build.0 = Debug|Any CPU
		{7E553BDB-3EAD-4264-B1C7-8AA6C2C23C38}.Release|Any CPU.ActiveCfg = Release|Any CPU
		{7E553BDB-3EAD-4264-B1C7-8AA6C2C23C38}.Release|Any CPU.Build.0 = Release|Any CPU
		{2AB89F26-B6DE-45B0-AFB8-2579FB6FC782}.Debug|Any CPU.ActiveCfg = Debug|Any CPU
		{2AB89F26-B6DE-45B0-AFB8-2579FB6FC782}.Debug|Any CPU.Build.0 = Debug|Any CPU
		{2AB89F26-B6DE-45B0-AFB8-2579FB6FC782}.Release|Any CPU.ActiveCfg = Release|Any CPU
		{2AB89F26-B6DE-45B0-AFB8-2579FB6FC782}.Release|Any CPU.Build.0 = Release|Any CPU
	EndGlobalSection
	GlobalSection(SolutionProperties) = preSolution
		HideSolutionNode = FALSE
	EndGlobalSection
	GlobalSection(ExtensibilityGlobals) = postSolution
		SolutionGuid = {6E1277AC-AD21-4F8E-AC83-F9FF4AA42791}
	EndGlobalSection
EndGlobal
