
Microsoft Visual Studio Solution File, Format Version 12.00
# Visual Studio Version 16
VisualStudioVersion = 16.0.30204.135
MinimumVisualStudioVersion = 10.0.40219.1
Project("{FAE04EC0-301F-11D3-BF4B-00C04F79EFBC}") = "server", "2020_7_30\server.csproj", "{EE455141-435F-4279-B20B-0E0DC26395D2}"
EndProject
Project("{FAE04EC0-301F-11D3-BF4B-00C04F79EFBC}") = "client", "client\client.csproj", "{CC3B5A48-73DB-4F24-904F-2EA8BCE6D1A5}"
EndProject
Project("{FAE04EC0-301F-11D3-BF4B-00C04F79EFBC}") = "1", "1\1.csproj", "{1D764A85-5820-44DD-B494-2AA0F591E807}"
EndProject
Global
	GlobalSection(SolutionConfigurationPlatforms) = preSolution
		Debug|Any CPU = Debug|Any CPU
		Release|Any CPU = Release|Any CPU
	EndGlobalSection
	GlobalSection(ProjectConfigurationPlatforms) = postSolution
		{EE455141-435F-4279-B20B-0E0DC26395D2}.Debug|Any CPU.ActiveCfg = Debug|Any CPU
		{EE455141-435F-4279-B20B-0E0DC26395D2}.Debug|Any CPU.Build.0 = Debug|Any CPU
		{EE455141-435F-4279-B20B-0E0DC26395D2}.Release|Any CPU.ActiveCfg = Release|Any CPU
		{EE455141-435F-4279-B20B-0E0DC26395D2}.Release|Any CPU.Build.0 = Release|Any CPU
		{CC3B5A48-73DB-4F24-904F-2EA8BCE6D1A5}.Debug|Any CPU.ActiveCfg = Debug|Any CPU
		{CC3B5A48-73DB-4F24-904F-2EA8BCE6D1A5}.Debug|Any CPU.Build.0 = Debug|Any CPU
		{CC3B5A48-73DB-4F24-904F-2EA8BCE6D1A5}.Release|Any CPU.ActiveCfg = Release|Any CPU
		{CC3B5A48-73DB-4F24-904F-2EA8BCE6D1A5}.Release|Any CPU.Build.0 = Release|Any CPU
		{1D764A85-5820-44DD-B494-2AA0F591E807}.Debug|Any CPU.ActiveCfg = Debug|Any CPU
		{1D764A85-5820-44DD-B494-2AA0F591E807}.Debug|Any CPU.Build.0 = Debug|Any CPU
		{1D764A85-5820-44DD-B494-2AA0F591E807}.Release|Any CPU.ActiveCfg = Release|Any CPU
		{1D764A85-5820-44DD-B494-2AA0F591E807}.Release|Any CPU.Build.0 = Release|Any CPU
	EndGlobalSection
	GlobalSection(SolutionProperties) = preSolution
		HideSolutionNode = FALSE
	EndGlobalSection
	GlobalSection(ExtensibilityGlobals) = postSolution
		SolutionGuid = {DE87A702-4B49-48E8-BFEC-7F2855C1A0C3}
	EndGlobalSection
EndGlobal
