
Microsoft Visual Studio Solution File, Format Version 12.00
# Visual Studio Version 16
VisualStudioVersion = 16.0.30204.135
MinimumVisualStudioVersion = 10.0.40219.1
Project("{FAE04EC0-301F-11D3-BF4B-00C04F79EFBC}") = "2020_07_01", "2020_07_01\2020_07_01.csproj", "{0C1EE149-5B9D-437C-B088-382003BB0F4F}"
EndProject
Project("{FAE04EC0-301F-11D3-BF4B-00C04F79EFBC}") = "2", "2\2.csproj", "{3E21AD0C-CCA9-498C-83C6-2150E2E909F6}"
EndProject
Project("{FAE04EC0-301F-11D3-BF4B-00C04F79EFBC}") = "3", "3\3.csproj", "{F2FDF9F9-386F-46C8-B781-F6FFCC4A3CF0}"
EndProject
Project("{FAE04EC0-301F-11D3-BF4B-00C04F79EFBC}") = "4", "4\4.csproj", "{18F2D1DA-2F12-4E58-8839-BDD0D5031B5C}"
EndProject
Project("{FAE04EC0-301F-11D3-BF4B-00C04F79EFBC}") = "5", "5\5.csproj", "{5662275A-024A-4656-AEAE-3EA5BCA8848A}"
EndProject
Project("{FAE04EC0-301F-11D3-BF4B-00C04F79EFBC}") = "6", "6\6.csproj", "{A76D5FD3-E2F1-48C0-8AA2-2C4B2641D09C}"
EndProject
Project("{FAE04EC0-301F-11D3-BF4B-00C04F79EFBC}") = "7", "7\7.csproj", "{0C7C9F6E-ADEC-4D54-BEAF-3A6384D54BFD}"
EndProject
Project("{FAE04EC0-301F-11D3-BF4B-00C04F79EFBC}") = "8_", "8_\8_.csproj", "{D1722CF5-CDD1-4CAD-BF1C-A4D853CE8B1F}"
EndProject
Project("{FAE04EC0-301F-11D3-BF4B-00C04F79EFBC}") = "9_", "9_\9_.csproj", "{C78F440D-D42B-4627-9D40-94322E58C23E}"
EndProject
Project("{FAE04EC0-301F-11D3-BF4B-00C04F79EFBC}") = "9-1", "9-1\9-1.csproj", "{BB9A6DB9-5BBE-4E2D-BE06-C0F40DC6EA06}"
EndProject
Project("{FAE04EC0-301F-11D3-BF4B-00C04F79EFBC}") = "10", "10\10.csproj", "{F0ECE8F8-FFB7-4DA4-9699-22F1A07499E2}"
EndProject
Project("{FAE04EC0-301F-11D3-BF4B-00C04F79EFBC}") = "11", "11\11.csproj", "{884E55B3-EFE0-4A8C-884E-7FFCBCBD1C77}"
EndProject
Project("{FAE04EC0-301F-11D3-BF4B-00C04F79EFBC}") = "Test", "Test\Test.csproj", "{C9869A23-137F-493F-90DB-22A7E7B0FD43}"
EndProject
Global
	GlobalSection(SolutionConfigurationPlatforms) = preSolution
		Debug|Any CPU = Debug|Any CPU
		Release|Any CPU = Release|Any CPU
	EndGlobalSection
	GlobalSection(ProjectConfigurationPlatforms) = postSolution
		{0C1EE149-5B9D-437C-B088-382003BB0F4F}.Debug|Any CPU.ActiveCfg = Debug|Any CPU
		{0C1EE149-5B9D-437C-B088-382003BB0F4F}.Debug|Any CPU.Build.0 = Debug|Any CPU
		{0C1EE149-5B9D-437C-B088-382003BB0F4F}.Release|Any CPU.ActiveCfg = Release|Any CPU
		{0C1EE149-5B9D-437C-B088-382003BB0F4F}.Release|Any CPU.Build.0 = Release|Any CPU
		{3E21AD0C-CCA9-498C-83C6-2150E2E909F6}.Debug|Any CPU.ActiveCfg = Debug|Any CPU
		{3E21AD0C-CCA9-498C-83C6-2150E2E909F6}.Debug|Any CPU.Build.0 = Debug|Any CPU
		{3E21AD0C-CCA9-498C-83C6-2150E2E909F6}.Release|Any CPU.ActiveCfg = Release|Any CPU
		{3E21AD0C-CCA9-498C-83C6-2150E2E909F6}.Release|Any CPU.Build.0 = Release|Any CPU
		{F2FDF9F9-386F-46C8-B781-F6FFCC4A3CF0}.Debug|Any CPU.ActiveCfg = Debug|Any CPU
		{F2FDF9F9-386F-46C8-B781-F6FFCC4A3CF0}.Debug|Any CPU.Build.0 = Debug|Any CPU
		{F2FDF9F9-386F-46C8-B781-F6FFCC4A3CF0}.Release|Any CPU.ActiveCfg = Release|Any CPU
		{F2FDF9F9-386F-46C8-B781-F6FFCC4A3CF0}.Release|Any CPU.Build.0 = Release|Any CPU
		{18F2D1DA-2F12-4E58-8839-BDD0D5031B5C}.Debug|Any CPU.ActiveCfg = Debug|Any CPU
		{18F2D1DA-2F12-4E58-8839-BDD0D5031B5C}.Debug|Any CPU.Build.0 = Debug|Any CPU
		{18F2D1DA-2F12-4E58-8839-BDD0D5031B5C}.Release|Any CPU.ActiveCfg = Release|Any CPU
		{18F2D1DA-2F12-4E58-8839-BDD0D5031B5C}.Release|Any CPU.Build.0 = Release|Any CPU
		{5662275A-024A-4656-AEAE-3EA5BCA8848A}.Debug|Any CPU.ActiveCfg = Debug|Any CPU
		{5662275A-024A-4656-AEAE-3EA5BCA8848A}.Debug|Any CPU.Build.0 = Debug|Any CPU
		{5662275A-024A-4656-AEAE-3EA5BCA8848A}.Release|Any CPU.ActiveCfg = Release|Any CPU
		{5662275A-024A-4656-AEAE-3EA5BCA8848A}.Release|Any CPU.Build.0 = Release|Any CPU
		{A76D5FD3-E2F1-48C0-8AA2-2C4B2641D09C}.Debug|Any CPU.ActiveCfg = Debug|Any CPU
		{A76D5FD3-E2F1-48C0-8AA2-2C4B2641D09C}.Debug|Any CPU.Build.0 = Debug|Any CPU
		{A76D5FD3-E2F1-48C0-8AA2-2C4B2641D09C}.Release|Any CPU.ActiveCfg = Release|Any CPU
		{A76D5FD3-E2F1-48C0-8AA2-2C4B2641D09C}.Release|Any CPU.Build.0 = Release|Any CPU
		{0C7C9F6E-ADEC-4D54-BEAF-3A6384D54BFD}.Debug|Any CPU.ActiveCfg = Debug|Any CPU
		{0C7C9F6E-ADEC-4D54-BEAF-3A6384D54BFD}.Debug|Any CPU.Build.0 = Debug|Any CPU
		{0C7C9F6E-ADEC-4D54-BEAF-3A6384D54BFD}.Release|Any CPU.ActiveCfg = Release|Any CPU
		{0C7C9F6E-ADEC-4D54-BEAF-3A6384D54BFD}.Release|Any CPU.Build.0 = Release|Any CPU
		{D1722CF5-CDD1-4CAD-BF1C-A4D853CE8B1F}.Debug|Any CPU.ActiveCfg = Debug|Any CPU
		{D1722CF5-CDD1-4CAD-BF1C-A4D853CE8B1F}.Debug|Any CPU.Build.0 = Debug|Any CPU
		{D1722CF5-CDD1-4CAD-BF1C-A4D853CE8B1F}.Release|Any CPU.ActiveCfg = Release|Any CPU
		{D1722CF5-CDD1-4CAD-BF1C-A4D853CE8B1F}.Release|Any CPU.Build.0 = Release|Any CPU
		{C78F440D-D42B-4627-9D40-94322E58C23E}.Debug|Any CPU.ActiveCfg = Debug|Any CPU
		{C78F440D-D42B-4627-9D40-94322E58C23E}.Debug|Any CPU.Build.0 = Debug|Any CPU
		{C78F440D-D42B-4627-9D40-94322E58C23E}.Release|Any CPU.ActiveCfg = Release|Any CPU
		{C78F440D-D42B-4627-9D40-94322E58C23E}.Release|Any CPU.Build.0 = Release|Any CPU
		{BB9A6DB9-5BBE-4E2D-BE06-C0F40DC6EA06}.Debug|Any CPU.ActiveCfg = Debug|Any CPU
		{BB9A6DB9-5BBE-4E2D-BE06-C0F40DC6EA06}.Debug|Any CPU.Build.0 = Debug|Any CPU
		{BB9A6DB9-5BBE-4E2D-BE06-C0F40DC6EA06}.Release|Any CPU.ActiveCfg = Release|Any CPU
		{BB9A6DB9-5BBE-4E2D-BE06-C0F40DC6EA06}.Release|Any CPU.Build.0 = Release|Any CPU
		{F0ECE8F8-FFB7-4DA4-9699-22F1A07499E2}.Debug|Any CPU.ActiveCfg = Debug|Any CPU
		{F0ECE8F8-FFB7-4DA4-9699-22F1A07499E2}.Debug|Any CPU.Build.0 = Debug|Any CPU
		{F0ECE8F8-FFB7-4DA4-9699-22F1A07499E2}.Release|Any CPU.ActiveCfg = Release|Any CPU
		{F0ECE8F8-FFB7-4DA4-9699-22F1A07499E2}.Release|Any CPU.Build.0 = Release|Any CPU
		{884E55B3-EFE0-4A8C-884E-7FFCBCBD1C77}.Debug|Any CPU.ActiveCfg = Debug|Any CPU
		{884E55B3-EFE0-4A8C-884E-7FFCBCBD1C77}.Debug|Any CPU.Build.0 = Debug|Any CPU
		{884E55B3-EFE0-4A8C-884E-7FFCBCBD1C77}.Release|Any CPU.ActiveCfg = Release|Any CPU
		{884E55B3-EFE0-4A8C-884E-7FFCBCBD1C77}.Release|Any CPU.Build.0 = Release|Any CPU
		{C9869A23-137F-493F-90DB-22A7E7B0FD43}.Debug|Any CPU.ActiveCfg = Debug|Any CPU
		{C9869A23-137F-493F-90DB-22A7E7B0FD43}.Debug|Any CPU.Build.0 = Debug|Any CPU
		{C9869A23-137F-493F-90DB-22A7E7B0FD43}.Release|Any CPU.ActiveCfg = Release|Any CPU
		{C9869A23-137F-493F-90DB-22A7E7B0FD43}.Release|Any CPU.Build.0 = Release|Any CPU
	EndGlobalSection
	GlobalSection(SolutionProperties) = preSolution
		HideSolutionNode = FALSE
	EndGlobalSection
	GlobalSection(ExtensibilityGlobals) = postSolution
		SolutionGuid = {C8DCAF8B-4255-46F5-9C88-523C07E85101}
	EndGlobalSection
EndGlobal
