
Microsoft Visual Studio Solution File, Format Version 12.00
# Visual Studio Version 16
VisualStudioVersion = 16.0.30204.135
MinimumVisualStudioVersion = 10.0.40219.1
Project("{FAE04EC0-301F-11D3-BF4B-00C04F79EFBC}") = "GENERICAPP", "GENERICAPP\GENERICAPP.csproj", "{888D8995-A760-44B6-8027-F63252F4953C}"
EndProject
Global
	GlobalSection(SolutionConfigurationPlatforms) = preSolution
		Debug|Any CPU = Debug|Any CPU
		Release|Any CPU = Release|Any CPU
	EndGlobalSection
	GlobalSection(ProjectConfigurationPlatforms) = postSolution
		{888D8995-A760-44B6-8027-F63252F4953C}.Debug|Any CPU.ActiveCfg = Debug|Any CPU
		{888D8995-A760-44B6-8027-F63252F4953C}.Debug|Any CPU.Build.0 = Debug|Any CPU
		{888D8995-A760-44B6-8027-F63252F4953C}.Release|Any CPU.ActiveCfg = Release|Any CPU
		{888D8995-A760-44B6-8027-F63252F4953C}.Release|Any CPU.Build.0 = Release|Any CPU
	EndGlobalSection
	GlobalSection(SolutionProperties) = preSolution
		HideSolutionNode = FALSE
	EndGlobalSection
	GlobalSection(ExtensibilityGlobals) = postSolution
		SolutionGuid = {EF89BE51-116B-4F2F-950B-A149B462C988}
	EndGlobalSection
EndGlobal
